
Microsoft Visual Studio Solution File, Format Version 12.00
# Visual Studio 15
VisualStudioVersion = 15.0.27130.2024
MinimumVisualStudioVersion = 10.0.40219.1
Project("{8BC9CEB8-8B4A-11D0-8D11-00A0C91BC942}") = "maybePalindromes", "maybePalindromes\maybePalindromes.vcxproj", "{F595663A-B91B-4003-ACFF-FC352C779476}"
EndProject
Global
	GlobalSection(SolutionConfigurationPlatforms) = preSolution
		Debug|x64 = Debug|x64
		Debug|x86 = Debug|x86
		Release|x64 = Release|x64
		Release|x86 = Release|x86
	EndGlobalSection
	GlobalSection(ProjectConfigurationPlatforms) = postSolution
		{F595663A-B91B-4003-ACFF-FC352C779476}.Debug|x64.ActiveCfg = Debug|x64
		{F595663A-B91B-4003-ACFF-FC352C779476}.Debug|x64.Build.0 = Debug|x64
		{F595663A-B91B-4003-ACFF-FC352C779476}.Debug|x86.ActiveCfg = Debug|Win32
		{F595663A-B91B-4003-ACFF-FC352C779476}.Debug|x86.Build.0 = Debug|Win32
		{F595663A-B91B-4003-ACFF-FC352C779476}.Release|x64.ActiveCfg = Release|x64
		{F595663A-B91B-4003-ACFF-FC352C779476}.Release|x64.Build.0 = Release|x64
		{F595663A-B91B-4003-ACFF-FC352C779476}.Release|x86.ActiveCfg = Release|Win32
		{F595663A-B91B-4003-ACFF-FC352C779476}.Release|x86.Build.0 = Release|Win32
	EndGlobalSection
	GlobalSection(SolutionProperties) = preSolution
		HideSolutionNode = FALSE
	EndGlobalSection
	GlobalSection(ExtensibilityGlobals) = postSolution
		SolutionGuid = {AF34C82E-A61A-4F7A-842F-5CA2FC782B8F}
	EndGlobalSection
EndGlobal
